
Microsoft Visual Studio Solution File, Format Version 12.00
# Visual Studio Version 16
VisualStudioVersion = 16.0.29806.167
MinimumVisualStudioVersion = 10.0.40219.1
Project("{9A19103F-16F7-4668-BE54-9A1E7A4F7556}") = "DiagnosticScenariosPerfCollect", "DiagnosticScenariosPerfCollect.csproj", "{E4BA951A-003F-4E4D-BD4E-9942C03F5C88}"
EndProject
Global
	GlobalSection(SolutionConfigurationPlatforms) = preSolution
		Debug|Any CPU = Debug|Any CPU
		Release|Any CPU = Release|Any CPU
	EndGlobalSection
	GlobalSection(ProjectConfigurationPlatforms) = postSolution
		{E4BA951A-003F-4E4D-BD4E-9942C03F5C88}.Debug|Any CPU.ActiveCfg = Debug|Any CPU
		{E4BA951A-003F-4E4D-BD4E-9942C03F5C88}.Debug|Any CPU.Build.0 = Debug|Any CPU
		{E4BA951A-003F-4E4D-BD4E-9942C03F5C88}.Release|Any CPU.ActiveCfg = Release|Any CPU
		{E4BA951A-003F-4E4D-BD4E-9942C03F5C88}.Release|Any CPU.Build.0 = Release|Any CPU
	EndGlobalSection
	GlobalSection(SolutionProperties) = preSolution
		HideSolutionNode = FALSE
	EndGlobalSection
	GlobalSection(ExtensibilityGlobals) = postSolution
		SolutionGuid = {BA79644A-A443-4599-BA9B-925439EF33B2}
	EndGlobalSection
EndGlobal
